{
  "name": "google-apps-scripts",
  "version": "1.0.0",
  "lockfileVersion": 3,
  "requires": true,
  "packages": {
    "": {
      "name": "google-apps-scripts",
      "version": "1.0.0",
      "devDependencies": {
        "@types/google-apps-script": "^2.0.12",
        "prettier": "^3.9.6"
      }
    },
    "node_modules/@types/google-apps-script": {
      "version": "2.0.12",
      "resolved": "https://registry.npmjs.org/@types/google-apps-script/-/google-apps-script-2.0.12.tgz",
      "integrity": "sha512-k6qjm5tG0HNsnn6WFwj0+1mqUesuJjOylb4Eer4u5vYtP9ITYg96V6tNegAgDXPl9aK8RRvx6U7n3f2HEckmXQ==",
      "dev": true,
      "license": "MIT"
    },
    "node_modules/prettier": {
      "version": "3.9.6",
      "resolved": "https://registry.npmjs.org/prettier/-/prettier-3.9.6.tgz",
      "integrity": "sha512-OpN0zzVdiaiAhxpuuj5efpIS4sY9j7bY6uR5mnj5yPzGkdkjNKSJeUThPb60Jw29QuAZgA4o+/iB49kFiaBX6g==",
      "dev": true,
      "license": "MIT",
      "bin": {
        "prettier": "bin/prettier.cjs"
      },
      "engines": {
        "node": ">=14"
      },
      "funding": {
        "url": "https://github.com/prettier/prettier?sponsor=1"
      }
    }
  }
}
